
Microsoft Visual Studio Solution File, Format Version 12.00
# Visual Studio 15
VisualStudioVersion = 15.0.28010.0
MinimumVisualStudioVersion = 10.0.40219.1
Project("{FAE04EC0-301F-11D3-BF4B-00C04F79EFBC}") = "DrawTools", "DrawTools\DrawTools.csproj", "{C2F951D8-2CB6-4AB5-9029-1EE3FCDB910A}"
EndProject
Project("{FAE04EC0-301F-11D3-BF4B-00C04F79EFBC}") = "DocToolkit", "DocToolkit\DocToolkit.csproj", "{7E3B9E32-DC2B-4E59-839A-42B8D4D4E5F4}"
EndProject
Global
	GlobalSection(SolutionConfigurationPlatforms) = preSolution
		Debug|Any CPU = Debug|Any CPU
		Release|Any CPU = Release|Any CPU
	EndGlobalSection
	GlobalSection(ProjectConfigurationPlatforms) = postSolution
		{C2F951D8-2CB6-4AB5-9029-1EE3FCDB910A}.Debug|Any CPU.ActiveCfg = Debug|Any CPU
		{C2F951D8-2CB6-4AB5-9029-1EE3FCDB910A}.Debug|Any CPU.Build.0 = Debug|Any CPU
		{C2F951D8-2CB6-4AB5-9029-1EE3FCDB910A}.Release|Any CPU.ActiveCfg = Release|Any CPU
		{C2F951D8-2CB6-4AB5-9029-1EE3FCDB910A}.Release|Any CPU.Build.0 = Release|Any CPU
		{7E3B9E32-DC2B-4E59-839A-42B8D4D4E5F4}.Debug|Any CPU.ActiveCfg = Debug|Any CPU
		{7E3B9E32-DC2B-4E59-839A-42B8D4D4E5F4}.Debug|Any CPU.Build.0 = Debug|Any CPU
		{7E3B9E32-DC2B-4E59-839A-42B8D4D4E5F4}.Release|Any CPU.ActiveCfg = Release|Any CPU
		{7E3B9E32-DC2B-4E59-839A-42B8D4D4E5F4}.Release|Any CPU.Build.0 = Release|Any CPU
	EndGlobalSection
	GlobalSection(SolutionProperties) = preSolution
		HideSolutionNode = FALSE
	EndGlobalSection
	GlobalSection(ExtensibilityGlobals) = postSolution
		SolutionGuid = {11C44475-69F1-417A-84DF-D0B292E45411}
	EndGlobalSection
EndGlobal
